
Microsoft Visual Studio Solution File, Format Version 12.00
# Visual Studio Version 16
VisualStudioVersion = 16.0.32002.261
MinimumVisualStudioVersion = 10.0.40219.1
Project("{FAE04EC0-301F-11D3-BF4B-00C04F79EFBC}") = "SestasProjektas", "SestasProjektas\SestasProjektas.csproj", "{7F877769-EFA0-4AF4-BC4A-B668120A778E}"
EndProject
Global
	GlobalSection(SolutionConfigurationPlatforms) = preSolution
		Debug|Any CPU = Debug|Any CPU
		Release|Any CPU = Release|Any CPU
	EndGlobalSection
	GlobalSection(ProjectConfigurationPlatforms) = postSolution
		{7F877769-EFA0-4AF4-BC4A-B668120A778E}.Debug|Any CPU.ActiveCfg = Debug|Any CPU
		{7F877769-EFA0-4AF4-BC4A-B668120A778E}.Debug|Any CPU.Build.0 = Debug|Any CPU
		{7F877769-EFA0-4AF4-BC4A-B668120A778E}.Release|Any CPU.ActiveCfg = Release|Any CPU
		{7F877769-EFA0-4AF4-BC4A-B668120A778E}.Release|Any CPU.Build.0 = Release|Any CPU
	EndGlobalSection
	GlobalSection(SolutionProperties) = preSolution
		HideSolutionNode = FALSE
	EndGlobalSection
	GlobalSection(ExtensibilityGlobals) = postSolution
		SolutionGuid = {2015CB98-7FA5-4941-A461-E9D666B0A66A}
	EndGlobalSection
EndGlobal
