
Microsoft Visual Studio Solution File, Format Version 12.00
# Visual Studio Version 16
VisualStudioVersion = 16.0.32002.261
MinimumVisualStudioVersion = 10.0.40219.1
Project("{FAE04EC0-301F-11D3-BF4B-00C04F79EFBC}") = "SeptintasProjektas", "SeptintasProjektas\SeptintasProjektas.csproj", "{1C48A62A-E19D-4AE5-9D0B-0E4D49F395C5}"
EndProject
Global
	GlobalSection(SolutionConfigurationPlatforms) = preSolution
		Debug|Any CPU = Debug|Any CPU
		Release|Any CPU = Release|Any CPU
	EndGlobalSection
	GlobalSection(ProjectConfigurationPlatforms) = postSolution
		{1C48A62A-E19D-4AE5-9D0B-0E4D49F395C5}.Debug|Any CPU.ActiveCfg = Debug|Any CPU
		{1C48A62A-E19D-4AE5-9D0B-0E4D49F395C5}.Debug|Any CPU.Build.0 = Debug|Any CPU
		{1C48A62A-E19D-4AE5-9D0B-0E4D49F395C5}.Release|Any CPU.ActiveCfg = Release|Any CPU
		{1C48A62A-E19D-4AE5-9D0B-0E4D49F395C5}.Release|Any CPU.Build.0 = Release|Any CPU
	EndGlobalSection
	GlobalSection(SolutionProperties) = preSolution
		HideSolutionNode = FALSE
	EndGlobalSection
	GlobalSection(ExtensibilityGlobals) = postSolution
		SolutionGuid = {D7D7A029-CD35-4F26-8450-26E7FB965CBB}
	EndGlobalSection
EndGlobal
